
Microsoft Visual Studio Solution File, Format Version 12.00
# Visual Studio 15
VisualStudioVersion = 15.0.28307.645
MinimumVisualStudioVersion = 10.0.40219.1
Project("{9A19103F-16F7-4668-BE54-9A1E7A4F7556}") = "CookHub.Web", "CookHub.Web\CookHub.Web.csproj", "{8E3C6698-23EB-4CEF-BFAA-9C7CFAFDA1C8}"
EndProject
Project("{FAE04EC0-301F-11D3-BF4B-00C04F79EFBC}") = "CookHub.Shared", "CookHub.Shared\CookHub.Shared.csproj", "{7D88B35F-D9FE-40DF-9DD7-AE2FA4F6B061}"
EndProject
Project("{FAE04EC0-301F-11D3-BF4B-00C04F79EFBC}") = "CookHub.Business", "CookHub.Business\CookHub.Business.csproj", "{C584B94E-DBD6-4A41-B9E3-E262E81AE451}"
EndProject
Project("{FAE04EC0-301F-11D3-BF4B-00C04F79EFBC}") = "CookHub.ConsoleTester", "CookHub.ConsoleTester\CookHub.ConsoleTester.csproj", "{34256200-A0D2-4239-BA4E-28C2EB31AE9B}"
EndProject
Project("{FAE04EC0-301F-11D3-BF4B-00C04F79EFBC}") = "CookHub.Data", "CookHub.Data\CookHub.Data.csproj", "{1BCCF627-974C-4099-A046-268CEAA183DD}"
EndProject
Global
	GlobalSection(SolutionConfigurationPlatforms) = preSolution
		Debug|Any CPU = Debug|Any CPU
		Release|Any CPU = Release|Any CPU
	EndGlobalSection
	GlobalSection(ProjectConfigurationPlatforms) = postSolution
		{8E3C6698-23EB-4CEF-BFAA-9C7CFAFDA1C8}.Debug|Any CPU.ActiveCfg = Debug|Any CPU
		{8E3C6698-23EB-4CEF-BFAA-9C7CFAFDA1C8}.Debug|Any CPU.Build.0 = Debug|Any CPU
		{8E3C6698-23EB-4CEF-BFAA-9C7CFAFDA1C8}.Release|Any CPU.ActiveCfg = Release|Any CPU
		{8E3C6698-23EB-4CEF-BFAA-9C7CFAFDA1C8}.Release|Any CPU.Build.0 = Release|Any CPU
		{7D88B35F-D9FE-40DF-9DD7-AE2FA4F6B061}.Debug|Any CPU.ActiveCfg = Debug|Any CPU
		{7D88B35F-D9FE-40DF-9DD7-AE2FA4F6B061}.Debug|Any CPU.Build.0 = Debug|Any CPU
		{7D88B35F-D9FE-40DF-9DD7-AE2FA4F6B061}.Release|Any CPU.ActiveCfg = Release|Any CPU
		{7D88B35F-D9FE-40DF-9DD7-AE2FA4F6B061}.Release|Any CPU.Build.0 = Release|Any CPU
		{C584B94E-DBD6-4A41-B9E3-E262E81AE451}.Debug|Any CPU.ActiveCfg = Debug|Any CPU
		{C584B94E-DBD6-4A41-B9E3-E262E81AE451}.Debug|Any CPU.Build.0 = Debug|Any CPU
		{C584B94E-DBD6-4A41-B9E3-E262E81AE451}.Release|Any CPU.ActiveCfg = Release|Any CPU
		{C584B94E-DBD6-4A41-B9E3-E262E81AE451}.Release|Any CPU.Build.0 = Release|Any CPU
		{34256200-A0D2-4239-BA4E-28C2EB31AE9B}.Debug|Any CPU.ActiveCfg = Debug|Any CPU
		{34256200-A0D2-4239-BA4E-28C2EB31AE9B}.Debug|Any CPU.Build.0 = Debug|Any CPU
		{34256200-A0D2-4239-BA4E-28C2EB31AE9B}.Release|Any CPU.ActiveCfg = Release|Any CPU
		{34256200-A0D2-4239-BA4E-28C2EB31AE9B}.Release|Any CPU.Build.0 = Release|Any CPU
		{1BCCF627-974C-4099-A046-268CEAA183DD}.Debug|Any CPU.ActiveCfg = Debug|Any CPU
		{1BCCF627-974C-4099-A046-268CEAA183DD}.Debug|Any CPU.Build.0 = Debug|Any CPU
		{1BCCF627-974C-4099-A046-268CEAA183DD}.Release|Any CPU.ActiveCfg = Release|Any CPU
		{1BCCF627-974C-4099-A046-268CEAA183DD}.Release|Any CPU.Build.0 = Release|Any CPU
	EndGlobalSection
	GlobalSection(SolutionProperties) = preSolution
		HideSolutionNode = FALSE
	EndGlobalSection
	GlobalSection(ExtensibilityGlobals) = postSolution
		SolutionGuid = {91B81AB0-BF69-487F-8723-CB4376A4ED1B}
	EndGlobalSection
EndGlobal
