
Microsoft Visual Studio Solution File, Format Version 12.00
# Visual Studio Version 16
VisualStudioVersion = 16.0.29230.47
MinimumVisualStudioVersion = 10.0.40219.1
Project("{9A19103F-16F7-4668-BE54-9A1E7A4F7556}") = "CookHub.Business", "CookHub.Business\CookHub.Business.csproj", "{3711F2AB-ACFE-4139-AFAC-D4BA09F10AFE}"
EndProject
Project("{9A19103F-16F7-4668-BE54-9A1E7A4F7556}") = "CookHub.Shared", "CookHub.Shared\CookHub.Shared.csproj", "{43B6BA7C-873C-4781-BA76-99C687354EFF}"
EndProject
Project("{9A19103F-16F7-4668-BE54-9A1E7A4F7556}") = "CookHub.Data", "CookHub.Data\CookHub.Data.csproj", "{58A98728-7970-40B0-95E3-8C903111DD4C}"
EndProject
Project("{FAE04EC0-301F-11D3-BF4B-00C04F79EFBC}") = "CookHub.Web", "CookHub.Web\CookHub.Web.csproj", "{91E0FBD9-4EF5-44FD-A1FE-17D5B242ACA8}"
EndProject
Global
	GlobalSection(SolutionConfigurationPlatforms) = preSolution
		Debug|Any CPU = Debug|Any CPU
		Release|Any CPU = Release|Any CPU
	EndGlobalSection
	GlobalSection(ProjectConfigurationPlatforms) = postSolution
		{3711F2AB-ACFE-4139-AFAC-D4BA09F10AFE}.Debug|Any CPU.ActiveCfg = Debug|Any CPU
		{3711F2AB-ACFE-4139-AFAC-D4BA09F10AFE}.Debug|Any CPU.Build.0 = Debug|Any CPU
		{3711F2AB-ACFE-4139-AFAC-D4BA09F10AFE}.Release|Any CPU.ActiveCfg = Release|Any CPU
		{3711F2AB-ACFE-4139-AFAC-D4BA09F10AFE}.Release|Any CPU.Build.0 = Release|Any CPU
		{43B6BA7C-873C-4781-BA76-99C687354EFF}.Debug|Any CPU.ActiveCfg = Debug|Any CPU
		{43B6BA7C-873C-4781-BA76-99C687354EFF}.Debug|Any CPU.Build.0 = Debug|Any CPU
		{43B6BA7C-873C-4781-BA76-99C687354EFF}.Release|Any CPU.ActiveCfg = Release|Any CPU
		{43B6BA7C-873C-4781-BA76-99C687354EFF}.Release|Any CPU.Build.0 = Release|Any CPU
		{58A98728-7970-40B0-95E3-8C903111DD4C}.Debug|Any CPU.ActiveCfg = Debug|Any CPU
		{58A98728-7970-40B0-95E3-8C903111DD4C}.Debug|Any CPU.Build.0 = Debug|Any CPU
		{58A98728-7970-40B0-95E3-8C903111DD4C}.Release|Any CPU.ActiveCfg = Release|Any CPU
		{58A98728-7970-40B0-95E3-8C903111DD4C}.Release|Any CPU.Build.0 = Release|Any CPU
		{91E0FBD9-4EF5-44FD-A1FE-17D5B242ACA8}.Debug|Any CPU.ActiveCfg = Debug|Any CPU
		{91E0FBD9-4EF5-44FD-A1FE-17D5B242ACA8}.Debug|Any CPU.Build.0 = Debug|Any CPU
		{91E0FBD9-4EF5-44FD-A1FE-17D5B242ACA8}.Release|Any CPU.ActiveCfg = Release|Any CPU
		{91E0FBD9-4EF5-44FD-A1FE-17D5B242ACA8}.Release|Any CPU.Build.0 = Release|Any CPU
	EndGlobalSection
	GlobalSection(SolutionProperties) = preSolution
		HideSolutionNode = FALSE
	EndGlobalSection
	GlobalSection(ExtensibilityGlobals) = postSolution
		SolutionGuid = {91B81AB0-BF69-487F-8723-CB4376A4ED1B}
	EndGlobalSection
EndGlobal
